
Microsoft Visual Studio Solution File, Format Version 12.00
# Visual Studio 15
VisualStudioVersion = 15.0.28307.489
MinimumVisualStudioVersion = 10.0.40219.1
Project("{FAE04EC0-301F-11D3-BF4B-00C04F79EFBC}") = "ComicBookGallery", "ComicVookGallery\ComicBookGallery.csproj", "{71D8535F-B26E-4D3E-9D2B-D4C18C1C7B05}"
EndProject
Global
	GlobalSection(SolutionConfigurationPlatforms) = preSolution
		Debug|Any CPU = Debug|Any CPU
		Release|Any CPU = Release|Any CPU
	EndGlobalSection
	GlobalSection(ProjectConfigurationPlatforms) = postSolution
		{71D8535F-B26E-4D3E-9D2B-D4C18C1C7B05}.Debug|Any CPU.ActiveCfg = Debug|Any CPU
		{71D8535F-B26E-4D3E-9D2B-D4C18C1C7B05}.Debug|Any CPU.Build.0 = Debug|Any CPU
		{71D8535F-B26E-4D3E-9D2B-D4C18C1C7B05}.Release|Any CPU.ActiveCfg = Release|Any CPU
		{71D8535F-B26E-4D3E-9D2B-D4C18C1C7B05}.Release|Any CPU.Build.0 = Release|Any CPU
	EndGlobalSection
	GlobalSection(SolutionProperties) = preSolution
		HideSolutionNode = FALSE
	EndGlobalSection
	GlobalSection(ExtensibilityGlobals) = postSolution
		SolutionGuid = {353D267E-AF35-45C8-BE65-291C775106A4}
	EndGlobalSection
EndGlobal
